
Microsoft Visual Studio Solution File, Format Version 12.00
# Visual Studio Version 16
VisualStudioVersion = 16.0.31829.152
MinimumVisualStudioVersion = 10.0.40219.1
Project("{FAE04EC0-301F-11D3-BF4B-00C04F79EFBC}") = "MDBEditor", "MDBEditor.csproj", "{9CDFEEA9-9F36-464E-9D46-89AD0A31B5A0}"
EndProject
Global
	GlobalSection(SolutionConfigurationPlatforms) = preSolution
		Debug|Any CPU = Debug|Any CPU
		Release|Any CPU = Release|Any CPU
	EndGlobalSection
	GlobalSection(ProjectConfigurationPlatforms) = postSolution
		{9CDFEEA9-9F36-464E-9D46-89AD0A31B5A0}.Debug|Any CPU.ActiveCfg = Debug|Any CPU
		{9CDFEEA9-9F36-464E-9D46-89AD0A31B5A0}.Debug|Any CPU.Build.0 = Debug|Any CPU
		{9CDFEEA9-9F36-464E-9D46-89AD0A31B5A0}.Release|Any CPU.ActiveCfg = Release|Any CPU
		{9CDFEEA9-9F36-464E-9D46-89AD0A31B5A0}.Release|Any CPU.Build.0 = Release|Any CPU
	EndGlobalSection
	GlobalSection(SolutionProperties) = preSolution
		HideSolutionNode = FALSE
	EndGlobalSection
	GlobalSection(ExtensibilityGlobals) = postSolution
		SolutionGuid = {CADB3C30-DED8-44F2-B2A3-0C10E39B97F8}
	EndGlobalSection
EndGlobal
